{
  "name": "hugo-devresume-theme",
  "version": "1.0.0",
  "lockfileVersion": 3,
  "requires": true,
  "packages": {
    "": {
      "name": "hugo-devresume-theme",
      "version": "1.0.0",
      "dependencies": {
        "@fontsource-variable/ubuntu-sans-mono": "^5.1.1",
        "@fontsource/comfortaa": "^4.5.0",
        "@fortawesome/fontawesome-free": "^6.5.1",
        "bootstrap": "^5.3.3"
      }
    },
    "node_modules/@fontsource-variable/ubuntu-sans-mono": {
      "version": "5.1.1",
      "resolved": "https://registry.npmjs.org/@fontsource-variable/ubuntu-sans-mono/-/ubuntu-sans-mono-5.1.1.tgz",
      "integrity": "sha512-M0O3Sy0ixdfDeVhfpTf6iIUJx5hlKxDthzC1wGD1ybg9XALkyCDGV4j4r5IiRogWbscMPIAsFLHLOdtljgJovg==",
      "license": "UFL-1.0"
    },
    "node_modules/@fontsource/comfortaa": {
      "version": "4.5.11",
      "resolved": "https://registry.npmjs.org/@fontsource/comfortaa/-/comfortaa-4.5.11.tgz",
      "integrity": "sha512-KKC2C6KbF9BD6m9+wMf5hK0wFjIi3p3J/6C4JZW6OF9G6K4qZJFp2dBZzsEBepKh4s9/Q5G1SWsUUZY3ZeZNDA==",
      "license": "MIT"
    },
    "node_modules/@fortawesome/fontawesome-free": {
      "version": "6.7.2",
      "resolved": "https://registry.npmjs.org/@fortawesome/fontawesome-free/-/fontawesome-free-6.7.2.tgz",
      "integrity": "sha512-JUOtgFW6k9u4Y+xeIaEiLr3+cjoUPiAuLXoyKOJSia6Duzb7pq+A76P9ZdPDoAoxHdHzq6gE9/jKBGXlZT8FbA==",
      "license": "(CC-BY-4.0 AND OFL-1.1 AND MIT)",
      "engines": {
        "node": ">=6"
      }
    },
    "node_modules/@popperjs/core": {
      "version": "2.11.8",
      "resolved": "https://registry.npmjs.org/@popperjs/core/-/core-2.11.8.tgz",
      "integrity": "sha512-P1st0aksCrn9sGZhp8GMYwBnQsbvAWsZAX44oXNNvLHGqAOcoVxmjZiohstwQ7SqKnbR47akdNi+uleWD8+g6A==",
      "license": "MIT",
      "peer": true,
      "funding": {
        "type": "opencollective",
        "url": "https://opencollective.com/popperjs"
      }
    },
    "node_modules/bootstrap": {
      "version": "5.3.3",
      "resolved": "https://registry.npmjs.org/bootstrap/-/bootstrap-5.3.3.tgz",
      "integrity": "sha512-8HLCdWgyoMguSO9o+aH+iuZ+aht+mzW0u3HIMzVu7Srrpv7EBBxTnrFlSCskwdY1+EOFQSm7uMJhNQHkdPcmjg==",
      "funding": [
        {
          "type": "github",
          "url": "https://github.com/sponsors/twbs"
        },
        {
          "type": "opencollective",
          "url": "https://opencollective.com/bootstrap"
        }
      ],
      "license": "MIT",
      "peerDependencies": {
        "@popperjs/core": "^2.11.8"
      }
    }
  }
}
