{
  "name": "hugo-devresume-theme",
  "version": "1.0.0",
  "lockfileVersion": 2,
  "requires": true,
  "packages": {
    "": {
      "name": "hugo-devresume-theme",
      "version": "1.0.0",
      "dependencies": {
        "@fortawesome/fontawesome-free": "^5.15.1",
        "bootstrap": "^4.5.3",
        "fontsource-anonymous-pro": "^3.0.9",
        "fontsource-comfortaa": "^3.0.5"
      }
    },
    "node_modules/@fortawesome/fontawesome-free": {
      "version": "5.15.4",
      "resolved": "https://registry.npmjs.org/@fortawesome/fontawesome-free/-/fontawesome-free-5.15.4.tgz",
      "integrity": "sha512-eYm8vijH/hpzr/6/1CJ/V/Eb1xQFW2nnUKArb3z+yUWv7HTwj6M7SP957oMjfZjAHU6qpoNc2wQvIxBLWYa/Jg==",
      "hasInstallScript": true,
      "engines": {
        "node": ">=6"
      }
    },
    "node_modules/bootstrap": {
      "version": "4.6.0",
      "resolved": "https://registry.npmjs.org/bootstrap/-/bootstrap-4.6.0.tgz",
      "integrity": "sha512-Io55IuQY3kydzHtbGvQya3H+KorS/M9rSNyfCGCg9WZ4pyT/lCxIlpJgG1GXW/PswzC84Tr2fBYi+7+jFVQQBw==",
      "funding": {
        "type": "opencollective",
        "url": "https://opencollective.com/bootstrap"
      },
      "peerDependencies": {
        "jquery": "1.9.1 - 3",
        "popper.js": "^1.16.1"
      }
    },
    "node_modules/fontsource-anonymous-pro": {
      "version": "3.1.5",
      "resolved": "https://registry.npmjs.org/fontsource-anonymous-pro/-/fontsource-anonymous-pro-3.1.5.tgz",
      "integrity": "sha512-9NBJ2JKmlGlTz4yChvESMX50ijwttmED2i5pazgjKhXDWBPvVjmmk7Qcyn2y3A0NCI4CHtGr8CiEZD/0iogCiQ==",
      "deprecated": "Package relocated. Please install and migrate to @fontsource/anonymous-pro."
    },
    "node_modules/fontsource-comfortaa": {
      "version": "3.1.6",
      "resolved": "https://registry.npmjs.org/fontsource-comfortaa/-/fontsource-comfortaa-3.1.6.tgz",
      "integrity": "sha512-rU8y96us6G8yj+1Y1tD5FIC+fzIqQbZLidvL2uRhLOlQZ3xntwm5rrhecgdH7sqAd4G87T8gjpVy0ogfizELdA==",
      "deprecated": "Package relocated. Please install and migrate to @fontsource/comfortaa."
    },
    "node_modules/jquery": {
      "version": "3.6.0",
      "resolved": "https://registry.npmjs.org/jquery/-/jquery-3.6.0.tgz",
      "integrity": "sha512-JVzAR/AjBvVt2BmYhxRCSYysDsPcssdmTFnzyLEts9qNwmjmu4JTAMYubEfwVOSwpQ1I1sKKFcxhZCI2buerfw==",
      "peer": true
    },
    "node_modules/popper.js": {
      "version": "1.16.1",
      "resolved": "https://registry.npmjs.org/popper.js/-/popper.js-1.16.1.tgz",
      "integrity": "sha512-Wb4p1J4zyFTbM+u6WuO4XstYx4Ky9Cewe4DWrel7B0w6VVICvPwdOpotjzcf6eD8TsckVnIMNONQyPIUFOUbCQ==",
      "deprecated": "You can find the new Popper v2 at @popperjs/core, this package is dedicated to the legacy v1",
      "peer": true,
      "funding": {
        "type": "opencollective",
        "url": "https://opencollective.com/popperjs"
      }
    }
  },
  "dependencies": {
    "@fortawesome/fontawesome-free": {
      "version": "5.15.4",
      "resolved": "https://registry.npmjs.org/@fortawesome/fontawesome-free/-/fontawesome-free-5.15.4.tgz",
      "integrity": "sha512-eYm8vijH/hpzr/6/1CJ/V/Eb1xQFW2nnUKArb3z+yUWv7HTwj6M7SP957oMjfZjAHU6qpoNc2wQvIxBLWYa/Jg=="
    },
    "bootstrap": {
      "version": "4.6.0",
      "resolved": "https://registry.npmjs.org/bootstrap/-/bootstrap-4.6.0.tgz",
      "integrity": "sha512-Io55IuQY3kydzHtbGvQya3H+KorS/M9rSNyfCGCg9WZ4pyT/lCxIlpJgG1GXW/PswzC84Tr2fBYi+7+jFVQQBw==",
      "requires": {}
    },
    "fontsource-anonymous-pro": {
      "version": "3.1.5",
      "resolved": "https://registry.npmjs.org/fontsource-anonymous-pro/-/fontsource-anonymous-pro-3.1.5.tgz",
      "integrity": "sha512-9NBJ2JKmlGlTz4yChvESMX50ijwttmED2i5pazgjKhXDWBPvVjmmk7Qcyn2y3A0NCI4CHtGr8CiEZD/0iogCiQ=="
    },
    "fontsource-comfortaa": {
      "version": "3.1.6",
      "resolved": "https://registry.npmjs.org/fontsource-comfortaa/-/fontsource-comfortaa-3.1.6.tgz",
      "integrity": "sha512-rU8y96us6G8yj+1Y1tD5FIC+fzIqQbZLidvL2uRhLOlQZ3xntwm5rrhecgdH7sqAd4G87T8gjpVy0ogfizELdA=="
    },
    "jquery": {
      "version": "3.6.0",
      "resolved": "https://registry.npmjs.org/jquery/-/jquery-3.6.0.tgz",
      "integrity": "sha512-JVzAR/AjBvVt2BmYhxRCSYysDsPcssdmTFnzyLEts9qNwmjmu4JTAMYubEfwVOSwpQ1I1sKKFcxhZCI2buerfw==",
      "peer": true
    },
    "popper.js": {
      "version": "1.16.1",
      "resolved": "https://registry.npmjs.org/popper.js/-/popper.js-1.16.1.tgz",
      "integrity": "sha512-Wb4p1J4zyFTbM+u6WuO4XstYx4Ky9Cewe4DWrel7B0w6VVICvPwdOpotjzcf6eD8TsckVnIMNONQyPIUFOUbCQ==",
      "peer": true
    }
  }
}
